
Microsoft Visual Studio Solution File, Format Version 12.00
# Visual Studio Version 16
VisualStudioVersion = 16.0.28729.10
MinimumVisualStudioVersion = 10.0.40219.1
Project("{FAE04EC0-301F-11D3-BF4B-00C04F79EFBC}") = "ToDoOSS.Android", "ToDoOSS\ToDoOSS.Android\ToDoOSS.Android.csproj", "{1802866E-9F5C-42AF-93B9-19DF59EBC4C8}"
EndProject
Project("{FAE04EC0-301F-11D3-BF4B-00C04F79EFBC}") = "ToDoOSS.iOS", "ToDoOSS\ToDoOSS.iOS\ToDoOSS.iOS.csproj", "{6AE6EA4B-541D-4E5F-9CFB-4BA0861C65A1}"
EndProject
Project("{9A19103F-16F7-4668-BE54-9A1E7A4F7556}") = "ToDoOSS.Forms", "ToDoOSS\ToDoOSS\ToDoOSS.Forms.csproj", "{8E5F6D0D-7A3C-45F5-BF4E-A0D9761119CA}"
EndProject
Project("{2150E333-8FDC-42A3-9474-1A3956D46DE8}") = "Platforms", "Platforms", "{52171831-ADD6-4441-B19F-BCF79ED5C787}"
EndProject
Project("{2150E333-8FDC-42A3-9474-1A3956D46DE8}") = "XamarinForms", "XamarinForms", "{4C928364-CD35-4D65-8899-77D5521CDEED}"
EndProject
Project("{9A19103F-16F7-4668-BE54-9A1E7A4F7556}") = "ToDoOSS.Wpf", "ToDoOSS.Wpf\ToDoOSS.Wpf.csproj", "{96AFFA3F-D5C1-4B93-BE32-F2AFDE108CB9}"
EndProject
Project("{FAE04EC0-301F-11D3-BF4B-00C04F79EFBC}") = "ToDoOSS.Uwp", "ToDoOSS.Uwp\ToDoOSS.Uwp.csproj", "{6ED38237-7B6B-4137-A1D5-75E88A1C712B}"
EndProject
Project("{2150E333-8FDC-42A3-9474-1A3956D46DE8}") = "Proyect resources", "Proyect resources", "{6C1A60EB-3353-4DB2-A6AF-B513797A5867}"
	ProjectSection(SolutionItems) = preProject
		Readme.md = Readme.md
		..\XAMLStylerConfiguration.json = ..\XAMLStylerConfiguration.json
	EndProjectSection
EndProject
Project("{2150E333-8FDC-42A3-9474-1A3956D46DE8}") = "Core", "Core", "{B7F1860D-C46A-4211-B431-F870F9A92C49}"
EndProject
Project("{FAE04EC0-301F-11D3-BF4B-00C04F79EFBC}") = "ToDoOSS.Base", "ToDoOSS.Base\ToDoOSS.Base.csproj", "{503B5D60-AB73-412A-B39A-E669DE1DD01A}"
EndProject
Project("{FAE04EC0-301F-11D3-BF4B-00C04F79EFBC}") = "ToDoOSS.ViewModels", "ToDoOSS.ViewModels\ToDoOSS.ViewModels.csproj", "{CEF3DF87-DF5F-4BEB-BFA3-2BC5D366F6D5}"
EndProject
Project("{FAE04EC0-301F-11D3-BF4B-00C04F79EFBC}") = "ToDoOSS.Models", "ToDoOSS.Models\ToDoOSS.Models.csproj", "{ACFED1E8-09F6-412D-942A-C830EB5039B5}"
EndProject
Project("{FAE04EC0-301F-11D3-BF4B-00C04F79EFBC}") = "ToDoOSS.Contracts", "ToDoOSS.Contracts\ToDoOSS.Contracts.csproj", "{4D87622E-A5CA-47E7-BE22-E34547C4B256}"
EndProject
Project("{FAE04EC0-301F-11D3-BF4B-00C04F79EFBC}") = "ToDoOSS.Services", "ToDoOSS.Services\ToDoOSS.Services.csproj", "{EA749A1F-FAC4-4CF1-A42C-C398EAACE694}"
EndProject
Global
	GlobalSection(SolutionConfigurationPlatforms) = preSolution
		Debug|Any CPU = Debug|Any CPU
		Debug|ARM = Debug|ARM
		Debug|ARM64 = Debug|ARM64
		Debug|iPhone = Debug|iPhone
		Debug|iPhoneSimulator = Debug|iPhoneSimulator
		Debug|x64 = Debug|x64
		Debug|x86 = Debug|x86
		Release|Any CPU = Release|Any CPU
		Release|ARM = Release|ARM
		Release|ARM64 = Release|ARM64
		Release|iPhone = Release|iPhone
		Release|iPhoneSimulator = Release|iPhoneSimulator
		Release|x64 = Release|x64
		Release|x86 = Release|x86
	EndGlobalSection
	GlobalSection(ProjectConfigurationPlatforms) = postSolution
		{1802866E-9F5C-42AF-93B9-19DF59EBC4C8}.Debug|Any CPU.ActiveCfg = Debug|Any CPU
		{1802866E-9F5C-42AF-93B9-19DF59EBC4C8}.Debug|Any CPU.Build.0 = Debug|Any CPU
		{1802866E-9F5C-42AF-93B9-19DF59EBC4C8}.Debug|Any CPU.Deploy.0 = Debug|Any CPU
		{1802866E-9F5C-42AF-93B9-19DF59EBC4C8}.Debug|ARM.ActiveCfg = Debug|Any CPU
		{1802866E-9F5C-42AF-93B9-19DF59EBC4C8}.Debug|ARM.Build.0 = Debug|Any CPU
		{1802866E-9F5C-42AF-93B9-19DF59EBC4C8}.Debug|ARM.Deploy.0 = Debug|Any CPU
		{1802866E-9F5C-42AF-93B9-19DF59EBC4C8}.Debug|ARM64.ActiveCfg = Debug|Any CPU
		{1802866E-9F5C-42AF-93B9-19DF59EBC4C8}.Debug|ARM64.Build.0 = Debug|Any CPU
		{1802866E-9F5C-42AF-93B9-19DF59EBC4C8}.Debug|ARM64.Deploy.0 = Debug|Any CPU
		{1802866E-9F5C-42AF-93B9-19DF59EBC4C8}.Debug|iPhone.ActiveCfg = Debug|Any CPU
		{1802866E-9F5C-42AF-93B9-19DF59EBC4C8}.Debug|iPhone.Build.0 = Debug|Any CPU
		{1802866E-9F5C-42AF-93B9-19DF59EBC4C8}.Debug|iPhone.Deploy.0 = Debug|Any CPU
		{1802866E-9F5C-42AF-93B9-19DF59EBC4C8}.Debug|iPhoneSimulator.ActiveCfg = Debug|Any CPU
		{1802866E-9F5C-42AF-93B9-19DF59EBC4C8}.Debug|iPhoneSimulator.Build.0 = Debug|Any CPU
		{1802866E-9F5C-42AF-93B9-19DF59EBC4C8}.Debug|iPhoneSimulator.Deploy.0 = Debug|Any CPU
		{1802866E-9F5C-42AF-93B9-19DF59EBC4C8}.Debug|x64.ActiveCfg = Debug|Any CPU
		{1802866E-9F5C-42AF-93B9-19DF59EBC4C8}.Debug|x64.Build.0 = Debug|Any CPU
		{1802866E-9F5C-42AF-93B9-19DF59EBC4C8}.Debug|x64.Deploy.0 = Debug|Any CPU
		{1802866E-9F5C-42AF-93B9-19DF59EBC4C8}.Debug|x86.ActiveCfg = Debug|Any CPU
		{1802866E-9F5C-42AF-93B9-19DF59EBC4C8}.Debug|x86.Build.0 = Debug|Any CPU
		{1802866E-9F5C-42AF-93B9-19DF59EBC4C8}.Debug|x86.Deploy.0 = Debug|Any CPU
		{1802866E-9F5C-42AF-93B9-19DF59EBC4C8}.Release|Any CPU.ActiveCfg = Release|Any CPU
		{1802866E-9F5C-42AF-93B9-19DF59EBC4C8}.Release|Any CPU.Build.0 = Release|Any CPU
		{1802866E-9F5C-42AF-93B9-19DF59EBC4C8}.Release|Any CPU.Deploy.0 = Release|Any CPU
		{1802866E-9F5C-42AF-93B9-19DF59EBC4C8}.Release|ARM.ActiveCfg = Release|Any CPU
		{1802866E-9F5C-42AF-93B9-19DF59EBC4C8}.Release|ARM.Build.0 = Release|Any CPU
		{1802866E-9F5C-42AF-93B9-19DF59EBC4C8}.Release|ARM.Deploy.0 = Release|Any CPU
		{1802866E-9F5C-42AF-93B9-19DF59EBC4C8}.Release|ARM64.ActiveCfg = Release|Any CPU
		{1802866E-9F5C-42AF-93B9-19DF59EBC4C8}.Release|ARM64.Build.0 = Release|Any CPU
		{1802866E-9F5C-42AF-93B9-19DF59EBC4C8}.Release|ARM64.Deploy.0 = Release|Any CPU
		{1802866E-9F5C-42AF-93B9-19DF59EBC4C8}.Release|iPhone.ActiveCfg = Release|Any CPU
		{1802866E-9F5C-42AF-93B9-19DF59EBC4C8}.Release|iPhone.Build.0 = Release|Any CPU
		{1802866E-9F5C-42AF-93B9-19DF59EBC4C8}.Release|iPhone.Deploy.0 = Release|Any CPU
		{1802866E-9F5C-42AF-93B9-19DF59EBC4C8}.Release|iPhoneSimulator.ActiveCfg = Release|Any CPU
		{1802866E-9F5C-42AF-93B9-19DF59EBC4C8}.Release|iPhoneSimulator.Build.0 = Release|Any CPU
		{1802866E-9F5C-42AF-93B9-19DF59EBC4C8}.Release|iPhoneSimulator.Deploy.0 = Release|Any CPU
		{1802866E-9F5C-42AF-93B9-19DF59EBC4C8}.Release|x64.ActiveCfg = Release|Any CPU
		{1802866E-9F5C-42AF-93B9-19DF59EBC4C8}.Release|x64.Build.0 = Release|Any CPU
		{1802866E-9F5C-42AF-93B9-19DF59EBC4C8}.Release|x64.Deploy.0 = Release|Any CPU
		{1802866E-9F5C-42AF-93B9-19DF59EBC4C8}.Release|x86.ActiveCfg = Release|Any CPU
		{1802866E-9F5C-42AF-93B9-19DF59EBC4C8}.Release|x86.Build.0 = Release|Any CPU
		{1802866E-9F5C-42AF-93B9-19DF59EBC4C8}.Release|x86.Deploy.0 = Release|Any CPU
		{6AE6EA4B-541D-4E5F-9CFB-4BA0861C65A1}.Debug|Any CPU.ActiveCfg = Debug|iPhoneSimulator
		{6AE6EA4B-541D-4E5F-9CFB-4BA0861C65A1}.Debug|Any CPU.Build.0 = Debug|iPhoneSimulator
		{6AE6EA4B-541D-4E5F-9CFB-4BA0861C65A1}.Debug|Any CPU.Deploy.0 = Debug|iPhoneSimulator
		{6AE6EA4B-541D-4E5F-9CFB-4BA0861C65A1}.Debug|ARM.ActiveCfg = Debug|iPhone
		{6AE6EA4B-541D-4E5F-9CFB-4BA0861C65A1}.Debug|ARM64.ActiveCfg = Debug|iPhone
		{6AE6EA4B-541D-4E5F-9CFB-4BA0861C65A1}.Debug|iPhone.ActiveCfg = Debug|iPhone
		{6AE6EA4B-541D-4E5F-9CFB-4BA0861C65A1}.Debug|iPhone.Build.0 = Debug|iPhone
		{6AE6EA4B-541D-4E5F-9CFB-4BA0861C65A1}.Debug|iPhone.Deploy.0 = Debug|iPhone
		{6AE6EA4B-541D-4E5F-9CFB-4BA0861C65A1}.Debug|iPhoneSimulator.ActiveCfg = Debug|iPhoneSimulator
		{6AE6EA4B-541D-4E5F-9CFB-4BA0861C65A1}.Debug|iPhoneSimulator.Build.0 = Debug|iPhoneSimulator
		{6AE6EA4B-541D-4E5F-9CFB-4BA0861C65A1}.Debug|iPhoneSimulator.Deploy.0 = Debug|iPhoneSimulator
		{6AE6EA4B-541D-4E5F-9CFB-4BA0861C65A1}.Debug|x64.ActiveCfg = Debug|iPhone
		{6AE6EA4B-541D-4E5F-9CFB-4BA0861C65A1}.Debug|x86.ActiveCfg = Debug|iPhone
		{6AE6EA4B-541D-4E5F-9CFB-4BA0861C65A1}.Release|Any CPU.ActiveCfg = Release|iPhone
		{6AE6EA4B-541D-4E5F-9CFB-4BA0861C65A1}.Release|Any CPU.Build.0 = Release|iPhone
		{6AE6EA4B-541D-4E5F-9CFB-4BA0861C65A1}.Release|Any CPU.Deploy.0 = Release|iPhone
		{6AE6EA4B-541D-4E5F-9CFB-4BA0861C65A1}.Release|ARM.ActiveCfg = Release|iPhoneSimulator
		{6AE6EA4B-541D-4E5F-9CFB-4BA0861C65A1}.Release|ARM64.ActiveCfg = Release|iPhoneSimulator
		{6AE6EA4B-541D-4E5F-9CFB-4BA0861C65A1}.Release|iPhone.ActiveCfg = Release|iPhone
		{6AE6EA4B-541D-4E5F-9CFB-4BA0861C65A1}.Release|iPhone.Build.0 = Release|iPhone
		{6AE6EA4B-541D-4E5F-9CFB-4BA0861C65A1}.Release|iPhone.Deploy.0 = Release|iPhone
		{6AE6EA4B-541D-4E5F-9CFB-4BA0861C65A1}.Release|iPhoneSimulator.ActiveCfg = Release|iPhoneSimulator
		{6AE6EA4B-541D-4E5F-9CFB-4BA0861C65A1}.Release|iPhoneSimulator.Build.0 = Release|iPhoneSimulator
		{6AE6EA4B-541D-4E5F-9CFB-4BA0861C65A1}.Release|iPhoneSimulator.Deploy.0 = Release|iPhoneSimulator
		{6AE6EA4B-541D-4E5F-9CFB-4BA0861C65A1}.Release|x64.ActiveCfg = Release|iPhoneSimulator
		{6AE6EA4B-541D-4E5F-9CFB-4BA0861C65A1}.Release|x86.ActiveCfg = Release|iPhoneSimulator
		{8E5F6D0D-7A3C-45F5-BF4E-A0D9761119CA}.Debug|Any CPU.ActiveCfg = Debug|Any CPU
		{8E5F6D0D-7A3C-45F5-BF4E-A0D9761119CA}.Debug|Any CPU.Build.0 = Debug|Any CPU
		{8E5F6D0D-7A3C-45F5-BF4E-A0D9761119CA}.Debug|Any CPU.Deploy.0 = Debug|Any CPU
		{8E5F6D0D-7A3C-45F5-BF4E-A0D9761119CA}.Debug|ARM.ActiveCfg = Debug|Any CPU
		{8E5F6D0D-7A3C-45F5-BF4E-A0D9761119CA}.Debug|ARM.Build.0 = Debug|Any CPU
		{8E5F6D0D-7A3C-45F5-BF4E-A0D9761119CA}.Debug|ARM64.ActiveCfg = Debug|Any CPU
		{8E5F6D0D-7A3C-45F5-BF4E-A0D9761119CA}.Debug|ARM64.Build.0 = Debug|Any CPU
		{8E5F6D0D-7A3C-45F5-BF4E-A0D9761119CA}.Debug|iPhone.ActiveCfg = Debug|Any CPU
		{8E5F6D0D-7A3C-45F5-BF4E-A0D9761119CA}.Debug|iPhone.Build.0 = Debug|Any CPU
		{8E5F6D0D-7A3C-45F5-BF4E-A0D9761119CA}.Debug|iPhone.Deploy.0 = Debug|Any CPU
		{8E5F6D0D-7A3C-45F5-BF4E-A0D9761119CA}.Debug|iPhoneSimulator.ActiveCfg = Debug|Any CPU
		{8E5F6D0D-7A3C-45F5-BF4E-A0D9761119CA}.Debug|iPhoneSimulator.Build.0 = Debug|Any CPU
		{8E5F6D0D-7A3C-45F5-BF4E-A0D9761119CA}.Debug|iPhoneSimulator.Deploy.0 = Debug|Any CPU
		{8E5F6D0D-7A3C-45F5-BF4E-A0D9761119CA}.Debug|x64.ActiveCfg = Debug|Any CPU
		{8E5F6D0D-7A3C-45F5-BF4E-A0D9761119CA}.Debug|x64.Build.0 = Debug|Any CPU
		{8E5F6D0D-7A3C-45F5-BF4E-A0D9761119CA}.Debug|x86.ActiveCfg = Debug|Any CPU
		{8E5F6D0D-7A3C-45F5-BF4E-A0D9761119CA}.Debug|x86.Build.0 = Debug|Any CPU
		{8E5F6D0D-7A3C-45F5-BF4E-A0D9761119CA}.Release|Any CPU.ActiveCfg = Release|Any CPU
		{8E5F6D0D-7A3C-45F5-BF4E-A0D9761119CA}.Release|Any CPU.Build.0 = Release|Any CPU
		{8E5F6D0D-7A3C-45F5-BF4E-A0D9761119CA}.Release|Any CPU.Deploy.0 = Release|Any CPU
		{8E5F6D0D-7A3C-45F5-BF4E-A0D9761119CA}.Release|ARM.ActiveCfg = Release|Any CPU
		{8E5F6D0D-7A3C-45F5-BF4E-A0D9761119CA}.Release|ARM.Build.0 = Release|Any CPU
		{8E5F6D0D-7A3C-45F5-BF4E-A0D9761119CA}.Release|ARM64.ActiveCfg = Release|Any CPU
		{8E5F6D0D-7A3C-45F5-BF4E-A0D9761119CA}.Release|ARM64.Build.0 = Release|Any CPU
		{8E5F6D0D-7A3C-45F5-BF4E-A0D9761119CA}.Release|iPhone.ActiveCfg = Release|Any CPU
		{8E5F6D0D-7A3C-45F5-BF4E-A0D9761119CA}.Release|iPhone.Build.0 = Release|Any CPU
		{8E5F6D0D-7A3C-45F5-BF4E-A0D9761119CA}.Release|iPhone.Deploy.0 = Release|Any CPU
		{8E5F6D0D-7A3C-45F5-BF4E-A0D9761119CA}.Release|iPhoneSimulator.ActiveCfg = Release|Any CPU
		{8E5F6D0D-7A3C-45F5-BF4E-A0D9761119CA}.Release|iPhoneSimulator.Build.0 = Release|Any CPU
		{8E5F6D0D-7A3C-45F5-BF4E-A0D9761119CA}.Release|iPhoneSimulator.Deploy.0 = Release|Any CPU
		{8E5F6D0D-7A3C-45F5-BF4E-A0D9761119CA}.Release|x64.ActiveCfg = Release|Any CPU
		{8E5F6D0D-7A3C-45F5-BF4E-A0D9761119CA}.Release|x64.Build.0 = Release|Any CPU
		{8E5F6D0D-7A3C-45F5-BF4E-A0D9761119CA}.Release|x86.ActiveCfg = Release|Any CPU
		{8E5F6D0D-7A3C-45F5-BF4E-A0D9761119CA}.Release|x86.Build.0 = Release|Any CPU
		{96AFFA3F-D5C1-4B93-BE32-F2AFDE108CB9}.Debug|Any CPU.ActiveCfg = Debug|Any CPU
		{96AFFA3F-D5C1-4B93-BE32-F2AFDE108CB9}.Debug|Any CPU.Build.0 = Debug|Any CPU
		{96AFFA3F-D5C1-4B93-BE32-F2AFDE108CB9}.Debug|ARM.ActiveCfg = Debug|Any CPU
		{96AFFA3F-D5C1-4B93-BE32-F2AFDE108CB9}.Debug|ARM.Build.0 = Debug|Any CPU
		{96AFFA3F-D5C1-4B93-BE32-F2AFDE108CB9}.Debug|ARM64.ActiveCfg = Debug|Any CPU
		{96AFFA3F-D5C1-4B93-BE32-F2AFDE108CB9}.Debug|ARM64.Build.0 = Debug|Any CPU
		{96AFFA3F-D5C1-4B93-BE32-F2AFDE108CB9}.Debug|iPhone.ActiveCfg = Debug|Any CPU
		{96AFFA3F-D5C1-4B93-BE32-F2AFDE108CB9}.Debug|iPhone.Build.0 = Debug|Any CPU
		{96AFFA3F-D5C1-4B93-BE32-F2AFDE108CB9}.Debug|iPhoneSimulator.ActiveCfg = Debug|Any CPU
		{96AFFA3F-D5C1-4B93-BE32-F2AFDE108CB9}.Debug|iPhoneSimulator.Build.0 = Debug|Any CPU
		{96AFFA3F-D5C1-4B93-BE32-F2AFDE108CB9}.Debug|x64.ActiveCfg = Debug|Any CPU
		{96AFFA3F-D5C1-4B93-BE32-F2AFDE108CB9}.Debug|x64.Build.0 = Debug|Any CPU
		{96AFFA3F-D5C1-4B93-BE32-F2AFDE108CB9}.Debug|x86.ActiveCfg = Debug|Any CPU
		{96AFFA3F-D5C1-4B93-BE32-F2AFDE108CB9}.Debug|x86.Build.0 = Debug|Any CPU
		{96AFFA3F-D5C1-4B93-BE32-F2AFDE108CB9}.Release|Any CPU.ActiveCfg = Release|Any CPU
		{96AFFA3F-D5C1-4B93-BE32-F2AFDE108CB9}.Release|Any CPU.Build.0 = Release|Any CPU
		{96AFFA3F-D5C1-4B93-BE32-F2AFDE108CB9}.Release|ARM.ActiveCfg = Release|Any CPU
		{96AFFA3F-D5C1-4B93-BE32-F2AFDE108CB9}.Release|ARM.Build.0 = Release|Any CPU
		{96AFFA3F-D5C1-4B93-BE32-F2AFDE108CB9}.Release|ARM64.ActiveCfg = Release|Any CPU
		{96AFFA3F-D5C1-4B93-BE32-F2AFDE108CB9}.Release|ARM64.Build.0 = Release|Any CPU
		{96AFFA3F-D5C1-4B93-BE32-F2AFDE108CB9}.Release|iPhone.ActiveCfg = Release|Any CPU
		{96AFFA3F-D5C1-4B93-BE32-F2AFDE108CB9}.Release|iPhone.Build.0 = Release|Any CPU
		{96AFFA3F-D5C1-4B93-BE32-F2AFDE108CB9}.Release|iPhoneSimulator.ActiveCfg = Release|Any CPU
		{96AFFA3F-D5C1-4B93-BE32-F2AFDE108CB9}.Release|iPhoneSimulator.Build.0 = Release|Any CPU
		{96AFFA3F-D5C1-4B93-BE32-F2AFDE108CB9}.Release|x64.ActiveCfg = Release|Any CPU
		{96AFFA3F-D5C1-4B93-BE32-F2AFDE108CB9}.Release|x64.Build.0 = Release|Any CPU
		{96AFFA3F-D5C1-4B93-BE32-F2AFDE108CB9}.Release|x86.ActiveCfg = Release|Any CPU
		{96AFFA3F-D5C1-4B93-BE32-F2AFDE108CB9}.Release|x86.Build.0 = Release|Any CPU
		{6ED38237-7B6B-4137-A1D5-75E88A1C712B}.Debug|Any CPU.ActiveCfg = Debug|x86
		{6ED38237-7B6B-4137-A1D5-75E88A1C712B}.Debug|Any CPU.Build.0 = Debug|x86
		{6ED38237-7B6B-4137-A1D5-75E88A1C712B}.Debug|Any CPU.Deploy.0 = Debug|x86
		{6ED38237-7B6B-4137-A1D5-75E88A1C712B}.Debug|ARM.ActiveCfg = Debug|ARM
		{6ED38237-7B6B-4137-A1D5-75E88A1C712B}.Debug|ARM.Build.0 = Debug|ARM
		{6ED38237-7B6B-4137-A1D5-75E88A1C712B}.Debug|ARM.Deploy.0 = Debug|ARM
		{6ED38237-7B6B-4137-A1D5-75E88A1C712B}.Debug|ARM64.ActiveCfg = Debug|ARM64
		{6ED38237-7B6B-4137-A1D5-75E88A1C712B}.Debug|ARM64.Build.0 = Debug|ARM64
		{6ED38237-7B6B-4137-A1D5-75E88A1C712B}.Debug|ARM64.Deploy.0 = Debug|ARM64
		{6ED38237-7B6B-4137-A1D5-75E88A1C712B}.Debug|iPhone.ActiveCfg = Debug|x86
		{6ED38237-7B6B-4137-A1D5-75E88A1C712B}.Debug|iPhoneSimulator.ActiveCfg = Debug|x86
		{6ED38237-7B6B-4137-A1D5-75E88A1C712B}.Debug|x64.ActiveCfg = Debug|x64
		{6ED38237-7B6B-4137-A1D5-75E88A1C712B}.Debug|x64.Build.0 = Debug|x64
		{6ED38237-7B6B-4137-A1D5-75E88A1C712B}.Debug|x64.Deploy.0 = Debug|x64
		{6ED38237-7B6B-4137-A1D5-75E88A1C712B}.Debug|x86.ActiveCfg = Debug|x86
		{6ED38237-7B6B-4137-A1D5-75E88A1C712B}.Debug|x86.Build.0 = Debug|x86
		{6ED38237-7B6B-4137-A1D5-75E88A1C712B}.Debug|x86.Deploy.0 = Debug|x86
		{6ED38237-7B6B-4137-A1D5-75E88A1C712B}.Release|Any CPU.ActiveCfg = Release|x86
		{6ED38237-7B6B-4137-A1D5-75E88A1C712B}.Release|ARM.ActiveCfg = Release|ARM
		{6ED38237-7B6B-4137-A1D5-75E88A1C712B}.Release|ARM.Build.0 = Release|ARM
		{6ED38237-7B6B-4137-A1D5-75E88A1C712B}.Release|ARM.Deploy.0 = Release|ARM
		{6ED38237-7B6B-4137-A1D5-75E88A1C712B}.Release|ARM64.ActiveCfg = Release|ARM64
		{6ED38237-7B6B-4137-A1D5-75E88A1C712B}.Release|ARM64.Build.0 = Release|ARM64
		{6ED38237-7B6B-4137-A1D5-75E88A1C712B}.Release|ARM64.Deploy.0 = Release|ARM64
		{6ED38237-7B6B-4137-A1D5-75E88A1C712B}.Release|iPhone.ActiveCfg = Release|x86
		{6ED38237-7B6B-4137-A1D5-75E88A1C712B}.Release|iPhoneSimulator.ActiveCfg = Release|x86
		{6ED38237-7B6B-4137-A1D5-75E88A1C712B}.Release|x64.ActiveCfg = Release|x64
		{6ED38237-7B6B-4137-A1D5-75E88A1C712B}.Release|x64.Build.0 = Release|x64
		{6ED38237-7B6B-4137-A1D5-75E88A1C712B}.Release|x64.Deploy.0 = Release|x64
		{6ED38237-7B6B-4137-A1D5-75E88A1C712B}.Release|x86.ActiveCfg = Release|x86
		{6ED38237-7B6B-4137-A1D5-75E88A1C712B}.Release|x86.Build.0 = Release|x86
		{6ED38237-7B6B-4137-A1D5-75E88A1C712B}.Release|x86.Deploy.0 = Release|x86
		{503B5D60-AB73-412A-B39A-E669DE1DD01A}.Debug|Any CPU.ActiveCfg = Debug|Any CPU
		{503B5D60-AB73-412A-B39A-E669DE1DD01A}.Debug|Any CPU.Build.0 = Debug|Any CPU
		{503B5D60-AB73-412A-B39A-E669DE1DD01A}.Debug|ARM.ActiveCfg = Debug|Any CPU
		{503B5D60-AB73-412A-B39A-E669DE1DD01A}.Debug|ARM.Build.0 = Debug|Any CPU
		{503B5D60-AB73-412A-B39A-E669DE1DD01A}.Debug|ARM64.ActiveCfg = Debug|Any CPU
		{503B5D60-AB73-412A-B39A-E669DE1DD01A}.Debug|ARM64.Build.0 = Debug|Any CPU
		{503B5D60-AB73-412A-B39A-E669DE1DD01A}.Debug|iPhone.ActiveCfg = Debug|Any CPU
		{503B5D60-AB73-412A-B39A-E669DE1DD01A}.Debug|iPhone.Build.0 = Debug|Any CPU
		{503B5D60-AB73-412A-B39A-E669DE1DD01A}.Debug|iPhoneSimulator.ActiveCfg = Debug|Any CPU
		{503B5D60-AB73-412A-B39A-E669DE1DD01A}.Debug|iPhoneSimulator.Build.0 = Debug|Any CPU
		{503B5D60-AB73-412A-B39A-E669DE1DD01A}.Debug|x64.ActiveCfg = Debug|Any CPU
		{503B5D60-AB73-412A-B39A-E669DE1DD01A}.Debug|x64.Build.0 = Debug|Any CPU
		{503B5D60-AB73-412A-B39A-E669DE1DD01A}.Debug|x86.ActiveCfg = Debug|Any CPU
		{503B5D60-AB73-412A-B39A-E669DE1DD01A}.Debug|x86.Build.0 = Debug|Any CPU
		{503B5D60-AB73-412A-B39A-E669DE1DD01A}.Release|Any CPU.ActiveCfg = Release|Any CPU
		{503B5D60-AB73-412A-B39A-E669DE1DD01A}.Release|Any CPU.Build.0 = Release|Any CPU
		{503B5D60-AB73-412A-B39A-E669DE1DD01A}.Release|ARM.ActiveCfg = Release|Any CPU
		{503B5D60-AB73-412A-B39A-E669DE1DD01A}.Release|ARM.Build.0 = Release|Any CPU
		{503B5D60-AB73-412A-B39A-E669DE1DD01A}.Release|ARM64.ActiveCfg = Release|Any CPU
		{503B5D60-AB73-412A-B39A-E669DE1DD01A}.Release|ARM64.Build.0 = Release|Any CPU
		{503B5D60-AB73-412A-B39A-E669DE1DD01A}.Release|iPhone.ActiveCfg = Release|Any CPU
		{503B5D60-AB73-412A-B39A-E669DE1DD01A}.Release|iPhone.Build.0 = Release|Any CPU
		{503B5D60-AB73-412A-B39A-E669DE1DD01A}.Release|iPhoneSimulator.ActiveCfg = Release|Any CPU
		{503B5D60-AB73-412A-B39A-E669DE1DD01A}.Release|iPhoneSimulator.Build.0 = Release|Any CPU
		{503B5D60-AB73-412A-B39A-E669DE1DD01A}.Release|x64.ActiveCfg = Release|Any CPU
		{503B5D60-AB73-412A-B39A-E669DE1DD01A}.Release|x64.Build.0 = Release|Any CPU
		{503B5D60-AB73-412A-B39A-E669DE1DD01A}.Release|x86.ActiveCfg = Release|Any CPU
		{503B5D60-AB73-412A-B39A-E669DE1DD01A}.Release|x86.Build.0 = Release|Any CPU
		{CEF3DF87-DF5F-4BEB-BFA3-2BC5D366F6D5}.Debug|Any CPU.ActiveCfg = Debug|Any CPU
		{CEF3DF87-DF5F-4BEB-BFA3-2BC5D366F6D5}.Debug|Any CPU.Build.0 = Debug|Any CPU
		{CEF3DF87-DF5F-4BEB-BFA3-2BC5D366F6D5}.Debug|ARM.ActiveCfg = Debug|Any CPU
		{CEF3DF87-DF5F-4BEB-BFA3-2BC5D366F6D5}.Debug|ARM.Build.0 = Debug|Any CPU
		{CEF3DF87-DF5F-4BEB-BFA3-2BC5D366F6D5}.Debug|ARM64.ActiveCfg = Debug|Any CPU
		{CEF3DF87-DF5F-4BEB-BFA3-2BC5D366F6D5}.Debug|ARM64.Build.0 = Debug|Any CPU
		{CEF3DF87-DF5F-4BEB-BFA3-2BC5D366F6D5}.Debug|iPhone.ActiveCfg = Debug|Any CPU
		{CEF3DF87-DF5F-4BEB-BFA3-2BC5D366F6D5}.Debug|iPhone.Build.0 = Debug|Any CPU
		{CEF3DF87-DF5F-4BEB-BFA3-2BC5D366F6D5}.Debug|iPhoneSimulator.ActiveCfg = Debug|Any CPU
		{CEF3DF87-DF5F-4BEB-BFA3-2BC5D366F6D5}.Debug|iPhoneSimulator.Build.0 = Debug|Any CPU
		{CEF3DF87-DF5F-4BEB-BFA3-2BC5D366F6D5}.Debug|x64.ActiveCfg = Debug|Any CPU
		{CEF3DF87-DF5F-4BEB-BFA3-2BC5D366F6D5}.Debug|x64.Build.0 = Debug|Any CPU
		{CEF3DF87-DF5F-4BEB-BFA3-2BC5D366F6D5}.Debug|x86.ActiveCfg = Debug|Any CPU
		{CEF3DF87-DF5F-4BEB-BFA3-2BC5D366F6D5}.Debug|x86.Build.0 = Debug|Any CPU
		{CEF3DF87-DF5F-4BEB-BFA3-2BC5D366F6D5}.Release|Any CPU.ActiveCfg = Release|Any CPU
		{CEF3DF87-DF5F-4BEB-BFA3-2BC5D366F6D5}.Release|Any CPU.Build.0 = Release|Any CPU
		{CEF3DF87-DF5F-4BEB-BFA3-2BC5D366F6D5}.Release|ARM.ActiveCfg = Release|Any CPU
		{CEF3DF87-DF5F-4BEB-BFA3-2BC5D366F6D5}.Release|ARM.Build.0 = Release|Any CPU
		{CEF3DF87-DF5F-4BEB-BFA3-2BC5D366F6D5}.Release|ARM64.ActiveCfg = Release|Any CPU
		{CEF3DF87-DF5F-4BEB-BFA3-2BC5D366F6D5}.Release|ARM64.Build.0 = Release|Any CPU
		{CEF3DF87-DF5F-4BEB-BFA3-2BC5D366F6D5}.Release|iPhone.ActiveCfg = Release|Any CPU
		{CEF3DF87-DF5F-4BEB-BFA3-2BC5D366F6D5}.Release|iPhone.Build.0 = Release|Any CPU
		{CEF3DF87-DF5F-4BEB-BFA3-2BC5D366F6D5}.Release|iPhoneSimulator.ActiveCfg = Release|Any CPU
		{CEF3DF87-DF5F-4BEB-BFA3-2BC5D366F6D5}.Release|iPhoneSimulator.Build.0 = Release|Any CPU
		{CEF3DF87-DF5F-4BEB-BFA3-2BC5D366F6D5}.Release|x64.ActiveCfg = Release|Any CPU
		{CEF3DF87-DF5F-4BEB-BFA3-2BC5D366F6D5}.Release|x64.Build.0 = Release|Any CPU
		{CEF3DF87-DF5F-4BEB-BFA3-2BC5D366F6D5}.Release|x86.ActiveCfg = Release|Any CPU
		{CEF3DF87-DF5F-4BEB-BFA3-2BC5D366F6D5}.Release|x86.Build.0 = Release|Any CPU
		{ACFED1E8-09F6-412D-942A-C830EB5039B5}.Debug|Any CPU.ActiveCfg = Debug|Any CPU
		{ACFED1E8-09F6-412D-942A-C830EB5039B5}.Debug|Any CPU.Build.0 = Debug|Any CPU
		{ACFED1E8-09F6-412D-942A-C830EB5039B5}.Debug|ARM.ActiveCfg = Debug|Any CPU
		{ACFED1E8-09F6-412D-942A-C830EB5039B5}.Debug|ARM.Build.0 = Debug|Any CPU
		{ACFED1E8-09F6-412D-942A-C830EB5039B5}.Debug|ARM64.ActiveCfg = Debug|Any CPU
		{ACFED1E8-09F6-412D-942A-C830EB5039B5}.Debug|ARM64.Build.0 = Debug|Any CPU
		{ACFED1E8-09F6-412D-942A-C830EB5039B5}.Debug|iPhone.ActiveCfg = Debug|Any CPU
		{ACFED1E8-09F6-412D-942A-C830EB5039B5}.Debug|iPhone.Build.0 = Debug|Any CPU
		{ACFED1E8-09F6-412D-942A-C830EB5039B5}.Debug|iPhoneSimulator.ActiveCfg = Debug|Any CPU
		{ACFED1E8-09F6-412D-942A-C830EB5039B5}.Debug|iPhoneSimulator.Build.0 = Debug|Any CPU
		{ACFED1E8-09F6-412D-942A-C830EB5039B5}.Debug|x64.ActiveCfg = Debug|Any CPU
		{ACFED1E8-09F6-412D-942A-C830EB5039B5}.Debug|x64.Build.0 = Debug|Any CPU
		{ACFED1E8-09F6-412D-942A-C830EB5039B5}.Debug|x86.ActiveCfg = Debug|Any CPU
		{ACFED1E8-09F6-412D-942A-C830EB5039B5}.Debug|x86.Build.0 = Debug|Any CPU
		{ACFED1E8-09F6-412D-942A-C830EB5039B5}.Release|Any CPU.ActiveCfg = Release|Any CPU
		{ACFED1E8-09F6-412D-942A-C830EB5039B5}.Release|Any CPU.Build.0 = Release|Any CPU
		{ACFED1E8-09F6-412D-942A-C830EB5039B5}.Release|ARM.ActiveCfg = Release|Any CPU
		{ACFED1E8-09F6-412D-942A-C830EB5039B5}.Release|ARM.Build.0 = Release|Any CPU
		{ACFED1E8-09F6-412D-942A-C830EB5039B5}.Release|ARM64.ActiveCfg = Release|Any CPU
		{ACFED1E8-09F6-412D-942A-C830EB5039B5}.Release|ARM64.Build.0 = Release|Any CPU
		{ACFED1E8-09F6-412D-942A-C830EB5039B5}.Release|iPhone.ActiveCfg = Release|Any CPU
		{ACFED1E8-09F6-412D-942A-C830EB5039B5}.Release|iPhone.Build.0 = Release|Any CPU
		{ACFED1E8-09F6-412D-942A-C830EB5039B5}.Release|iPhoneSimulator.ActiveCfg = Release|Any CPU
		{ACFED1E8-09F6-412D-942A-C830EB5039B5}.Release|iPhoneSimulator.Build.0 = Release|Any CPU
		{ACFED1E8-09F6-412D-942A-C830EB5039B5}.Release|x64.ActiveCfg = Release|Any CPU
		{ACFED1E8-09F6-412D-942A-C830EB5039B5}.Release|x64.Build.0 = Release|Any CPU
		{ACFED1E8-09F6-412D-942A-C830EB5039B5}.Release|x86.ActiveCfg = Release|Any CPU
		{ACFED1E8-09F6-412D-942A-C830EB5039B5}.Release|x86.Build.0 = Release|Any CPU
		{4D87622E-A5CA-47E7-BE22-E34547C4B256}.Debug|Any CPU.ActiveCfg = Debug|Any CPU
		{4D87622E-A5CA-47E7-BE22-E34547C4B256}.Debug|Any CPU.Build.0 = Debug|Any CPU
		{4D87622E-A5CA-47E7-BE22-E34547C4B256}.Debug|ARM.ActiveCfg = Debug|Any CPU
		{4D87622E-A5CA-47E7-BE22-E34547C4B256}.Debug|ARM.Build.0 = Debug|Any CPU
		{4D87622E-A5CA-47E7-BE22-E34547C4B256}.Debug|ARM64.ActiveCfg = Debug|Any CPU
		{4D87622E-A5CA-47E7-BE22-E34547C4B256}.Debug|ARM64.Build.0 = Debug|Any CPU
		{4D87622E-A5CA-47E7-BE22-E34547C4B256}.Debug|iPhone.ActiveCfg = Debug|Any CPU
		{4D87622E-A5CA-47E7-BE22-E34547C4B256}.Debug|iPhone.Build.0 = Debug|Any CPU
		{4D87622E-A5CA-47E7-BE22-E34547C4B256}.Debug|iPhoneSimulator.ActiveCfg = Debug|Any CPU
		{4D87622E-A5CA-47E7-BE22-E34547C4B256}.Debug|iPhoneSimulator.Build.0 = Debug|Any CPU
		{4D87622E-A5CA-47E7-BE22-E34547C4B256}.Debug|x64.ActiveCfg = Debug|Any CPU
		{4D87622E-A5CA-47E7-BE22-E34547C4B256}.Debug|x64.Build.0 = Debug|Any CPU
		{4D87622E-A5CA-47E7-BE22-E34547C4B256}.Debug|x86.ActiveCfg = Debug|Any CPU
		{4D87622E-A5CA-47E7-BE22-E34547C4B256}.Debug|x86.Build.0 = Debug|Any CPU
		{4D87622E-A5CA-47E7-BE22-E34547C4B256}.Release|Any CPU.ActiveCfg = Release|Any CPU
		{4D87622E-A5CA-47E7-BE22-E34547C4B256}.Release|Any CPU.Build.0 = Release|Any CPU
		{4D87622E-A5CA-47E7-BE22-E34547C4B256}.Release|ARM.ActiveCfg = Release|Any CPU
		{4D87622E-A5CA-47E7-BE22-E34547C4B256}.Release|ARM.Build.0 = Release|Any CPU
		{4D87622E-A5CA-47E7-BE22-E34547C4B256}.Release|ARM64.ActiveCfg = Release|Any CPU
		{4D87622E-A5CA-47E7-BE22-E34547C4B256}.Release|ARM64.Build.0 = Release|Any CPU
		{4D87622E-A5CA-47E7-BE22-E34547C4B256}.Release|iPhone.ActiveCfg = Release|Any CPU
		{4D87622E-A5CA-47E7-BE22-E34547C4B256}.Release|iPhone.Build.0 = Release|Any CPU
		{4D87622E-A5CA-47E7-BE22-E34547C4B256}.Release|iPhoneSimulator.ActiveCfg = Release|Any CPU
		{4D87622E-A5CA-47E7-BE22-E34547C4B256}.Release|iPhoneSimulator.Build.0 = Release|Any CPU
		{4D87622E-A5CA-47E7-BE22-E34547C4B256}.Release|x64.ActiveCfg = Release|Any CPU
		{4D87622E-A5CA-47E7-BE22-E34547C4B256}.Release|x64.Build.0 = Release|Any CPU
		{4D87622E-A5CA-47E7-BE22-E34547C4B256}.Release|x86.ActiveCfg = Release|Any CPU
		{4D87622E-A5CA-47E7-BE22-E34547C4B256}.Release|x86.Build.0 = Release|Any CPU
		{EA749A1F-FAC4-4CF1-A42C-C398EAACE694}.Debug|Any CPU.ActiveCfg = Debug|Any CPU
		{EA749A1F-FAC4-4CF1-A42C-C398EAACE694}.Debug|Any CPU.Build.0 = Debug|Any CPU
		{EA749A1F-FAC4-4CF1-A42C-C398EAACE694}.Debug|ARM.ActiveCfg = Debug|Any CPU
		{EA749A1F-FAC4-4CF1-A42C-C398EAACE694}.Debug|ARM.Build.0 = Debug|Any CPU
		{EA749A1F-FAC4-4CF1-A42C-C398EAACE694}.Debug|ARM64.ActiveCfg = Debug|Any CPU
		{EA749A1F-FAC4-4CF1-A42C-C398EAACE694}.Debug|ARM64.Build.0 = Debug|Any CPU
		{EA749A1F-FAC4-4CF1-A42C-C398EAACE694}.Debug|iPhone.ActiveCfg = Debug|Any CPU
		{EA749A1F-FAC4-4CF1-A42C-C398EAACE694}.Debug|iPhone.Build.0 = Debug|Any CPU
		{EA749A1F-FAC4-4CF1-A42C-C398EAACE694}.Debug|iPhoneSimulator.ActiveCfg = Debug|Any CPU
		{EA749A1F-FAC4-4CF1-A42C-C398EAACE694}.Debug|iPhoneSimulator.Build.0 = Debug|Any CPU
		{EA749A1F-FAC4-4CF1-A42C-C398EAACE694}.Debug|x64.ActiveCfg = Debug|Any CPU
		{EA749A1F-FAC4-4CF1-A42C-C398EAACE694}.Debug|x64.Build.0 = Debug|Any CPU
		{EA749A1F-FAC4-4CF1-A42C-C398EAACE694}.Debug|x86.ActiveCfg = Debug|Any CPU
		{EA749A1F-FAC4-4CF1-A42C-C398EAACE694}.Debug|x86.Build.0 = Debug|Any CPU
		{EA749A1F-FAC4-4CF1-A42C-C398EAACE694}.Release|Any CPU.ActiveCfg = Release|Any CPU
		{EA749A1F-FAC4-4CF1-A42C-C398EAACE694}.Release|Any CPU.Build.0 = Release|Any CPU
		{EA749A1F-FAC4-4CF1-A42C-C398EAACE694}.Release|ARM.ActiveCfg = Release|Any CPU
		{EA749A1F-FAC4-4CF1-A42C-C398EAACE694}.Release|ARM.Build.0 = Release|Any CPU
		{EA749A1F-FAC4-4CF1-A42C-C398EAACE694}.Release|ARM64.ActiveCfg = Release|Any CPU
		{EA749A1F-FAC4-4CF1-A42C-C398EAACE694}.Release|ARM64.Build.0 = Release|Any CPU
		{EA749A1F-FAC4-4CF1-A42C-C398EAACE694}.Release|iPhone.ActiveCfg = Release|Any CPU
		{EA749A1F-FAC4-4CF1-A42C-C398EAACE694}.Release|iPhone.Build.0 = Release|Any CPU
		{EA749A1F-FAC4-4CF1-A42C-C398EAACE694}.Release|iPhoneSimulator.ActiveCfg = Release|Any CPU
		{EA749A1F-FAC4-4CF1-A42C-C398EAACE694}.Release|iPhoneSimulator.Build.0 = Release|Any CPU
		{EA749A1F-FAC4-4CF1-A42C-C398EAACE694}.Release|x64.ActiveCfg = Release|Any CPU
		{EA749A1F-FAC4-4CF1-A42C-C398EAACE694}.Release|x64.Build.0 = Release|Any CPU
		{EA749A1F-FAC4-4CF1-A42C-C398EAACE694}.Release|x86.ActiveCfg = Release|Any CPU
		{EA749A1F-FAC4-4CF1-A42C-C398EAACE694}.Release|x86.Build.0 = Release|Any CPU
	EndGlobalSection
	GlobalSection(SolutionProperties) = preSolution
		HideSolutionNode = FALSE
	EndGlobalSection
	GlobalSection(NestedProjects) = preSolution
		{1802866E-9F5C-42AF-93B9-19DF59EBC4C8} = {52171831-ADD6-4441-B19F-BCF79ED5C787}
		{6AE6EA4B-541D-4E5F-9CFB-4BA0861C65A1} = {52171831-ADD6-4441-B19F-BCF79ED5C787}
		{8E5F6D0D-7A3C-45F5-BF4E-A0D9761119CA} = {4C928364-CD35-4D65-8899-77D5521CDEED}
		{96AFFA3F-D5C1-4B93-BE32-F2AFDE108CB9} = {52171831-ADD6-4441-B19F-BCF79ED5C787}
		{6ED38237-7B6B-4137-A1D5-75E88A1C712B} = {52171831-ADD6-4441-B19F-BCF79ED5C787}
		{503B5D60-AB73-412A-B39A-E669DE1DD01A} = {B7F1860D-C46A-4211-B431-F870F9A92C49}
		{CEF3DF87-DF5F-4BEB-BFA3-2BC5D366F6D5} = {B7F1860D-C46A-4211-B431-F870F9A92C49}
		{ACFED1E8-09F6-412D-942A-C830EB5039B5} = {B7F1860D-C46A-4211-B431-F870F9A92C49}
		{4D87622E-A5CA-47E7-BE22-E34547C4B256} = {B7F1860D-C46A-4211-B431-F870F9A92C49}
		{EA749A1F-FAC4-4CF1-A42C-C398EAACE694} = {B7F1860D-C46A-4211-B431-F870F9A92C49}
	EndGlobalSection
	GlobalSection(ExtensibilityGlobals) = postSolution
		SolutionGuid = {D8FDD3DE-9782-4103-8877-B81C7E948E5B}
	EndGlobalSection
EndGlobal
